# GENERATED FILE - DO NOT EDIT DIRECTLY
schema_version: 1

bundle:
  version: "0.1.0-dev"
  release_sequence: 0
  channel: "development"
  source_commit: "06dd4355b03d600bbf40eee21e86fb9e424d42c5"
  digest: "sha256:82c50767f8891f2235905270a8f3f98fa10f56a2d5aac1db768f3f8b522606b7"

projection:
  input_digest: "sha256:fef6678b35067776a7f5835d8e6bb565f999d514216f72aee68062c547d4e4cb"
  output_digest: "sha256:6f3d523314015abcf9a81dd15c6e43af64ae20446581e31f0d1aaa5921aa64d5"
  files:
    - path: ".gds/compiled-policy.json"
      digest: "sha256:754805b51a419c71b13696ee6907ed42554842f08845668517cff0325827758c"
