# GENERATED FILE - DO NOT EDIT DIRECTLY
schema_version: 1

bundle:
  version: "0.1.0-dev"
  release_sequence: 0
  channel: "development"
  source_commit: "bb9865d7d52e72787ad8f95ab7e70a0869d784aa"
  digest: "sha256:31aa33376c01ee1e31d5e4eaca3dfc10fef2bda18dcb35eaf8989051daea32ae"

projection:
  input_digest: "sha256:ed9e0e4a4c098656c7c8f21009c74478bb9823b9036303676729279ce8d6f2a2"
  output_digest: "sha256:6f3d523314015abcf9a81dd15c6e43af64ae20446581e31f0d1aaa5921aa64d5"
  files:
    - path: ".gds/compiled-policy.json"
      digest: "sha256:754805b51a419c71b13696ee6907ed42554842f08845668517cff0325827758c"
