# GENERATED FILE - DO NOT EDIT DIRECTLY
schema_version: 1

bundle:
  version: "0.1.0-dev"
  release_sequence: 0
  channel: "development"
  source_commit: "c93a1c90d7010a713ac9030f8fbbd9b28e2f15ad"
  digest: "sha256:36a23099bd1758d009f7c1ecf124ecc2b17cf3fb4be91f3c62571ab8c2e6322c"

projection:
  input_digest: "sha256:f6667e5aa755e1167450a068329f52e533dd758c1f8b691970d2fbb428b70b1a"
  output_digest: "sha256:42a7a97cf5d611ed35577fbba19b0c4c43acce20aa12b8ac203dd50077909955"
  files:
    - path: ".gds/compiled-policy.json"
      digest: "sha256:af037a377ec0cd36e8a61512baa76fce1e649ebd3d7b83e4443a24f81d012e83"
